
Microsoft Visual Studio Solution File, Format Version 12.00
# Visual Studio Version 17
VisualStudioVersion = 17.9.34728.123
MinimumVisualStudioVersion = 10.0.40219.1
Project("{FAE04EC0-301F-11D3-BF4B-00C04F79EFBC}") = "Challenge Lab Week 5.1", "Challenge Lab Week 5.1.csproj", "{48B68AB6-A0A4-41D6-869A-BD139306A832}"
EndProject
Global
	GlobalSection(SolutionConfigurationPlatforms) = preSolution
		Debug|Any CPU = Debug|Any CPU
		Release|Any CPU = Release|Any CPU
	EndGlobalSection
	GlobalSection(ProjectConfigurationPlatforms) = postSolution
		{48B68AB6-A0A4-41D6-869A-BD139306A832}.Debug|Any CPU.ActiveCfg = Debug|Any CPU
		{48B68AB6-A0A4-41D6-869A-BD139306A832}.Debug|Any CPU.Build.0 = Debug|Any CPU
		{48B68AB6-A0A4-41D6-869A-BD139306A832}.Release|Any CPU.ActiveCfg = Release|Any CPU
		{48B68AB6-A0A4-41D6-869A-BD139306A832}.Release|Any CPU.Build.0 = Release|Any CPU
	EndGlobalSection
	GlobalSection(SolutionProperties) = preSolution
		HideSolutionNode = FALSE
	EndGlobalSection
	GlobalSection(ExtensibilityGlobals) = postSolution
		SolutionGuid = {011399B3-DE21-4085-A19B-E5E2C8283945}
	EndGlobalSection
EndGlobal
